
Microsoft Visual Studio Solution File, Format Version 12.00
# Visual Studio Version 17
VisualStudioVersion = 17.7.34031.279
MinimumVisualStudioVersion = 10.0.40219.1
Project("{FAE04EC0-301F-11D3-BF4B-00C04F79EFBC}") = "SoftwareEngineering", "SoftwareEngineering.csproj", "{55E4EFB6-BCAD-42B8-BCEE-9332D4504C7B}"
EndProject
Global
	GlobalSection(SolutionConfigurationPlatforms) = preSolution
		Debug|Any CPU = Debug|Any CPU
		Release|Any CPU = Release|Any CPU
	EndGlobalSection
	GlobalSection(ProjectConfigurationPlatforms) = postSolution
		{55E4EFB6-BCAD-42B8-BCEE-9332D4504C7B}.Debug|Any CPU.ActiveCfg = Debug|Any CPU
		{55E4EFB6-BCAD-42B8-BCEE-9332D4504C7B}.Debug|Any CPU.Build.0 = Debug|Any CPU
		{55E4EFB6-BCAD-42B8-BCEE-9332D4504C7B}.Release|Any CPU.ActiveCfg = Release|Any CPU
		{55E4EFB6-BCAD-42B8-BCEE-9332D4504C7B}.Release|Any CPU.Build.0 = Release|Any CPU
	EndGlobalSection
	GlobalSection(SolutionProperties) = preSolution
		HideSolutionNode = FALSE
	EndGlobalSection
	GlobalSection(ExtensibilityGlobals) = postSolution
		SolutionGuid = {0BEA6226-5E83-4055-907A-98B494E542BB}
	EndGlobalSection
EndGlobal
